# This file is automatically @generated by Cargo.
# It is not intended for manual editing.
version = 4

[[package]]
name = "damnhttp-core"
version = "0.0.0"

[[package]]
name = "damnhttp-git"
version = "0.0.0"
dependencies = [
 "damnhttp-core",
]

[[package]]
name = "damnhttp-http"
version = "0.0.0"
dependencies = [
 "damnhttp-core",
]

[[package]]
name = "damnhttp-import"
version = "0.0.0"
dependencies = [
 "damnhttp-core",
]
